
Microsoft Visual Studio Solution File, Format Version 12.00
# Visual Studio Version 16
VisualStudioVersion = 16.0.29509.3
MinimumVisualStudioVersion = 10.0.40219.1
Project("{9A19103F-16F7-4668-BE54-9A1E7A4F7556}") = "ShimMathAdmin", "ShimMathAdmin\ShimMathAdmin.csproj", "{D06DE336-1532-4C6B-B9F4-7C3EB552CF81}"
EndProject
Project("{2150E333-8FDC-42A3-9474-1A3956D46DE8}") = "ShimMathCore", "ShimMathCore", "{06FE1B33-3E4D-4802-BA37-0552AE3C4293}"
EndProject
Project("{9A19103F-16F7-4668-BE54-9A1E7A4F7556}") = "ShimMathCore.BL", "ShimMathCore.BL\ShimMathCore.BL.csproj", "{D9B5B628-2047-4B86-85B8-0118DB0E2484}"
EndProject
Project("{2150E333-8FDC-42A3-9474-1A3956D46DE8}") = "Repositories", "Repositories", "{8BB063F1-1D71-472A-A048-E2FEE8DE6BD2}"
EndProject
Project("{9A19103F-16F7-4668-BE54-9A1E7A4F7556}") = "ShimMathCore.Repository", "ShimMathCore.Repository\ShimMathCore.Repository.csproj", "{85C10AAD-FA0C-47D6-905F-52E88D6CF3F2}"
EndProject
Project("{9A19103F-16F7-4668-BE54-9A1E7A4F7556}") = "ShimMath.DTO", "ShimMath.DTO\ShimMath.DTO.csproj", "{63E24D14-466B-421E-8CA7-532473C89722}"
EndProject
Project("{9A19103F-16F7-4668-BE54-9A1E7A4F7556}") = "ShimMath.Constants", "ShimMath.Constants\ShimMath.Constants.csproj", "{104906C6-8911-42D3-A9F4-C2B2D9FE786D}"
EndProject
Project("{9A19103F-16F7-4668-BE54-9A1E7A4F7556}") = "SpaceshipGame", "SpaceshipGame\SpaceshipGame.csproj", "{CE2F89C9-962F-4BD6-A6D3-26068CFF3F69}"
EndProject
Project("{9A19103F-16F7-4668-BE54-9A1E7A4F7556}") = "ShimMath", "ShimMath\ShimMath.csproj", "{59D76E17-E372-4283-9789-8B8FF370473E}"
EndProject
Global
	GlobalSection(SolutionConfigurationPlatforms) = preSolution
		Debug|Any CPU = Debug|Any CPU
		Release|Any CPU = Release|Any CPU
	EndGlobalSection
	GlobalSection(ProjectConfigurationPlatforms) = postSolution
		{D06DE336-1532-4C6B-B9F4-7C3EB552CF81}.Debug|Any CPU.ActiveCfg = Debug|Any CPU
		{D06DE336-1532-4C6B-B9F4-7C3EB552CF81}.Debug|Any CPU.Build.0 = Debug|Any CPU
		{D06DE336-1532-4C6B-B9F4-7C3EB552CF81}.Release|Any CPU.ActiveCfg = Release|Any CPU
		{D06DE336-1532-4C6B-B9F4-7C3EB552CF81}.Release|Any CPU.Build.0 = Release|Any CPU
		{D9B5B628-2047-4B86-85B8-0118DB0E2484}.Debug|Any CPU.ActiveCfg = Debug|Any CPU
		{D9B5B628-2047-4B86-85B8-0118DB0E2484}.Debug|Any CPU.Build.0 = Debug|Any CPU
		{D9B5B628-2047-4B86-85B8-0118DB0E2484}.Release|Any CPU.ActiveCfg = Release|Any CPU
		{D9B5B628-2047-4B86-85B8-0118DB0E2484}.Release|Any CPU.Build.0 = Release|Any CPU
		{85C10AAD-FA0C-47D6-905F-52E88D6CF3F2}.Debug|Any CPU.ActiveCfg = Debug|Any CPU
		{85C10AAD-FA0C-47D6-905F-52E88D6CF3F2}.Debug|Any CPU.Build.0 = Debug|Any CPU
		{85C10AAD-FA0C-47D6-905F-52E88D6CF3F2}.Release|Any CPU.ActiveCfg = Release|Any CPU
		{85C10AAD-FA0C-47D6-905F-52E88D6CF3F2}.Release|Any CPU.Build.0 = Release|Any CPU
		{63E24D14-466B-421E-8CA7-532473C89722}.Debug|Any CPU.ActiveCfg = Debug|Any CPU
		{63E24D14-466B-421E-8CA7-532473C89722}.Debug|Any CPU.Build.0 = Debug|Any CPU
		{63E24D14-466B-421E-8CA7-532473C89722}.Release|Any CPU.ActiveCfg = Release|Any CPU
		{63E24D14-466B-421E-8CA7-532473C89722}.Release|Any CPU.Build.0 = Release|Any CPU
		{104906C6-8911-42D3-A9F4-C2B2D9FE786D}.Debug|Any CPU.ActiveCfg = Debug|Any CPU
		{104906C6-8911-42D3-A9F4-C2B2D9FE786D}.Debug|Any CPU.Build.0 = Debug|Any CPU
		{104906C6-8911-42D3-A9F4-C2B2D9FE786D}.Release|Any CPU.ActiveCfg = Release|Any CPU
		{104906C6-8911-42D3-A9F4-C2B2D9FE786D}.Release|Any CPU.Build.0 = Release|Any CPU
		{CE2F89C9-962F-4BD6-A6D3-26068CFF3F69}.Debug|Any CPU.ActiveCfg = Debug|Any CPU
		{CE2F89C9-962F-4BD6-A6D3-26068CFF3F69}.Debug|Any CPU.Build.0 = Debug|Any CPU
		{CE2F89C9-962F-4BD6-A6D3-26068CFF3F69}.Release|Any CPU.ActiveCfg = Release|Any CPU
		{CE2F89C9-962F-4BD6-A6D3-26068CFF3F69}.Release|Any CPU.Build.0 = Release|Any CPU
		{59D76E17-E372-4283-9789-8B8FF370473E}.Debug|Any CPU.ActiveCfg = Debug|Any CPU
		{59D76E17-E372-4283-9789-8B8FF370473E}.Debug|Any CPU.Build.0 = Debug|Any CPU
		{59D76E17-E372-4283-9789-8B8FF370473E}.Release|Any CPU.ActiveCfg = Release|Any CPU
		{59D76E17-E372-4283-9789-8B8FF370473E}.Release|Any CPU.Build.0 = Release|Any CPU
	EndGlobalSection
	GlobalSection(SolutionProperties) = preSolution
		HideSolutionNode = FALSE
	EndGlobalSection
	GlobalSection(NestedProjects) = preSolution
		{D9B5B628-2047-4B86-85B8-0118DB0E2484} = {06FE1B33-3E4D-4802-BA37-0552AE3C4293}
		{8BB063F1-1D71-472A-A048-E2FEE8DE6BD2} = {06FE1B33-3E4D-4802-BA37-0552AE3C4293}
		{85C10AAD-FA0C-47D6-905F-52E88D6CF3F2} = {8BB063F1-1D71-472A-A048-E2FEE8DE6BD2}
		{63E24D14-466B-421E-8CA7-532473C89722} = {06FE1B33-3E4D-4802-BA37-0552AE3C4293}
		{104906C6-8911-42D3-A9F4-C2B2D9FE786D} = {06FE1B33-3E4D-4802-BA37-0552AE3C4293}
		{CE2F89C9-962F-4BD6-A6D3-26068CFF3F69} = {06FE1B33-3E4D-4802-BA37-0552AE3C4293}
	EndGlobalSection
	GlobalSection(ExtensibilityGlobals) = postSolution
		SolutionGuid = {802B1450-ACDE-456F-BC29-90E11C666DE8}
	EndGlobalSection
EndGlobal
